# the external oracles, pinned. the driver verifies every row it is about to depend
# on before it runs anything, and refuses to start rather than produce a result an
# unpinned tool could have shaped. a row is only checked when the selected targets
# and layers actually reach it, so a host missing a tool no selected leg needs is
# not blocked by it.
#
# rows:
#   tool <name> <rule> <want> <probe-args...>
#     rule major  the leading version component must equal <want>
#     rule exact  the leading components must equal <want> exactly
#     rule min    the version must be at least <want>
#   disasm-flags <tool> <flags...>
#     the exact layer B flag set. it lives here rather than in the driver because a
#     golden is only reproducible against a named tool AND a named flag set, and one
#     source of truth for both is what makes re-blessing a reviewable diff.
#   cflags <mode> <flags...>
#     how the host C reference is built. -ffp-contract=off is not a preference: a
#     fused multiply-add in the reference and not in mach would make the anchor
#     disagree on rounding rather than on semantics.
#   alias <tool> <host-os> <executable>
#     the same role spelled differently on that host. the row's own name is the
#     default and the POSIX spelling, and an alias replaces it when the driver runs
#     there. the C reference compiler is the case this exists for: `cc` is a name
#     windows does not have, and the lock is where that belongs rather than a CC set
#     in a workflow, which is a second place a version could come from.
#   no-cflags <mode> <host-os> <reason>
#     a reference build mode that host's C toolchain cannot run. it is declared with a
#     reason, printed at startup and never counted, on the same rule a SKIPS entry
#     follows: a check that did not run says so rather than passing quietly.
#   source <tool> <provider> <handle>
#     where the pinned version is OBTAINED. a version no machine can install is a
#     wish rather than a pin, and #2948 was exactly that: three CI legs refused to
#     start because no runner image carries these and nothing said where to get
#     them. ci reads this row, so the workflow holds no second copy of a version.
#     a tool with no source row is one a runner already carries or installs from
#     its own package manager, and the driver's check is what catches its absence.
#
# recorded on a linux x86_64 host, 2026-08-08. da65 (cc65) has no entry because
# nothing in the corpus reaches it yet: mos6502 is fully skipped for a compiler
# reason (golden/mos6502/SKIPS), so pinning a version this repo has never run
# against would be a claim rather than a record.

tool llvm-objdump   major 22      --version
tool llvm-readobj   major 22      --version
tool llvm-dwarfdump major 22      --version
# 2026.3 IS NOT AN UPSTREAM RELEASE TAG. SPIRV-Tools' newest tag is v2026.2, and
# 2026.3 is what the tree reports between that tag and the next one. a reader who goes
# looking for a v2026.3 release will not find one. it is the version Vulkan SDK
# 1.4.357.0 ships (see the source rows below), and what makes pinning it exact rather
# than loose correct is that those binaries reproduce all 19 blessed spirv goldens
# byte for byte.
tool spirv-val      exact 2026.3  --version
tool spirv-dis      exact 2026.3  --version
tool cc             min   9       --version
tool qemu-riscv64   min   8       --version
tool qemu-riscv32   min   8       --version

# mingw's gcc is the windows host C reference. the runner image carries it and MSVC's
# cl takes none of the cflags rows below, so it is gcc or nothing there.
alias cc windows gcc

# LLVM's own distribution, which is where a major the runner images do not carry
# comes from: apt.llvm.org on linux (amd64 and arm64 both serve
# llvm-toolchain-noble-22), the llvm-project release tarball on windows, homebrew on
# darwin. one pin, three deliveries, because the pin is the major and no host ships it.
#
# THE HANDLE IS A FULL VERSION even though the rule above is `major`, because two of
# the three deliveries have to name a concrete artifact and the third does not. apt
# serves one build per major and takes 22 alone; windows needs a release asset by
# name. Resolving that name from the GitHub API at run time is what this replaces: the
# runners hit it unauthenticated, and the leg failed with `no llvm-project release for
# major 22` on an answer that had nothing to do with llvm. A version written here is
# read the same way on every host and on a machine with no network to ask.
source llvm-objdump   llvm  22.1.8
source llvm-readobj   llvm  22.1.8
source llvm-dwarfdump llvm  22.1.8

# THE VULKAN SDK IS THE RECORDED SOURCE, and 2026.3 is why there is a decision here
# at all. SPIRV-Tools' newest release tag is v2026.2 and it attaches no binaries to
# any release, so nothing upstream serves 2026.3 as a release: it is the version the
# tree reports between v2026.2 and the next tag. Vulkan SDK 1.4.357.0 ships that
# tree - SPIRV-Tools git tag vulkan-sdk-1.4.357.0, commit 9a49b088 - and its
# spirv-dis and spirv-val report `SPIRV-Tools v2026.3` and reproduce every blessed
# spirv golden byte for byte.
#
# LunarG's apt repository is NOT that source however convenient it looks: it serves
# amd64 only and its newest spirv-tools is 2024.4+1.4.313.0, several SDKs behind.
#
# THE LINUX SDK TARBALL IS x86_64 ONLY, and that bounds where the spirv row can live.
# engines.conf gives it an x86_64 linux runner, which is the only runner class this
# pin is installable on: moving the row to ubuntu-24.04-arm, or to windows or darwin,
# needs a source build of SPIRV-Tools at the vulkan-sdk-1.4.357.0 tag first, and
# without one the leg refuses at install time. that constraint is recorded here and
# beside the row in engines.conf rather than in the pull request that found it.
source spirv-val      vulkan-sdk  1.4.357.0
source spirv-dis      vulkan-sdk  1.4.357.0

# --symbolize-operands replaces every branch and call target with a local label, and
# --no-leading-addr drops the address column, so the golden holds instructions and
# operands only and never churns on a layout shift that changed no code.
disasm-flags llvm-objdump -d --no-leading-addr --no-show-raw-insn --symbolize-operands
disasm-flags spirv-dis    --no-color --no-indent

cflags O0    -std=c11 -O0 -ffp-contract=off -Wall -Wextra
cflags O2    -std=c11 -O2 -ffp-contract=off -Wall -Wextra
cflags ubsan -std=c11 -O0 -ffp-contract=off -fsanitize=undefined -fno-sanitize-recover=all

# the ubsan build is a HARNESS self-check: it proves no reference file depends on
# behaviour C leaves undefined, so that a disagreement with mach always indicts mach.
# That is a property of the reference SOURCES, which are one set of files compiled the
# same way everywhere, so a toolchain that can run it settles it for every leg.
#
# mingw ships no UBSan runtime and the link fails with `cannot find -lubsan`, which
# refused all 182 layer C cells on the windows leg while mach itself was correct on
# every one. The linux and darwin legs run the check and are what it rests on.
no-cflags ubsan windows mingw ships no UBSan runtime, and the reference-UB check is a property of the reference sources rather than of a host, so the linux and darwin legs settle it for every leg
