# int/deps.lock — the pin source for git deps only the int suite builds.
#
# generated by int/lib/update-deps.sh; do not edit by hand. deps the ROOT
# manifest declares are NOT here: the root mach.lock is authoritative for
# those, so they have exactly one place to bump (int/lib/deps.sh).

[dep.mach-shader]
url = "https://github.com/briar-systems/mach-shader"
ref = "branch/main"
commit = "0e538caa6ff83bc7492cea1553fc0364381b28ae"
