# int/deps.lock — the pin source for git deps only the int suite builds.
#
# generated by int/lib/update-deps.sh; do not edit by hand. deps the ROOT
# manifest declares are NOT here: the root mach.lock is authoritative for
# those, so they have exactly one place to bump (int/lib/deps.sh).

[dep.mach-shader]
url = "https://github.com/briar-systems/mach-shader"
ref = "commit/a0581755753abb6d4ca99d2946b2b973af3d0ddf"
commit = "a0581755753abb6d4ca99d2946b2b973af3d0ddf"
